hash: d0cd2939b8238d897ab3e17701106c01cb2341557d3895c47bfe3864bceee151
updated: 2017-03-02T18:39:24.833650653+11:00
imports:
- name: github.com/jinzhu/inflection
  version: 1c35d901db3da928c72a72d8458480cc9ade058f
- name: github.com/julienschmidt/httprouter
  version: 8c199fb6259ffc1af525cc3ad52ee60ba8359669
- name: gopkg.in/pg.v5
  version: f75c60c25ae08b7c51e102d6a852496ff7131453
  subpackages:
  - internal
  - internal/parser
  - internal/pool
  - orm
  - types
testImports: []
